
Microsoft Visual Studio Solution File, Format Version 12.00
# Visual Studio Version 17
VisualStudioVersion = 17.10.35004.147
MinimumVisualStudioVersion = 10.0.40219.1
Project("{FAE04EC0-301F-11D3-BF4B-00C04F79EFBC}") = "MutiDelegate", "MutiDelegate.csproj", "{33A482B8-0254-4A19-8622-AE1D7F38EBDA}"
EndProject
Global
	GlobalSection(SolutionConfigurationPlatforms) = preSolution
		Debug|Any CPU = Debug|Any CPU
		Release|Any CPU = Release|Any CPU
	EndGlobalSection
	GlobalSection(ProjectConfigurationPlatforms) = postSolution
		{33A482B8-0254-4A19-8622-AE1D7F38EBDA}.Debug|Any CPU.ActiveCfg = Debug|Any CPU
		{33A482B8-0254-4A19-8622-AE1D7F38EBDA}.Debug|Any CPU.Build.0 = Debug|Any CPU
		{33A482B8-0254-4A19-8622-AE1D7F38EBDA}.Release|Any CPU.ActiveCfg = Release|Any CPU
		{33A482B8-0254-4A19-8622-AE1D7F38EBDA}.Release|Any CPU.Build.0 = Release|Any CPU
	EndGlobalSection
	GlobalSection(SolutionProperties) = preSolution
		HideSolutionNode = FALSE
	EndGlobalSection
	GlobalSection(ExtensibilityGlobals) = postSolution
		SolutionGuid = {C0B10711-2079-49C4-BDF2-062C70B5503B}
	EndGlobalSection
EndGlobal
